{
  "name": "nft",
  "version": "1.0.0",
  "lockfileVersion": 1,
  "requires": true,
  "dependencies": {
    "sal.js": {
      "version": "0.8.5",
      "resolved": "https://registry.npmjs.org/sal.js/-/sal.js-0.8.5.tgz",
      "integrity": "sha512-KUb3fNrVZ1oWxxkEAfQfQ4Mrd910yboIRHqsvioBkulQInqMVeSMah+J5f7ch7KXFLicKlAaE0TzTsG/eJ02Dg=="
    },
    "tiny-slider": {
      "version": "2.9.4",
      "resolved": "https://registry.npmjs.org/tiny-slider/-/tiny-slider-2.9.4.tgz",
      "integrity": "sha512-LAs2kldWcY+BqCKw4kxd4CMx2RhWrHyEePEsymlOIISTlOVkjfK40sSD7ay73eKXBLg/UkluAZpcfCstimHXew=="
    }
  }
}
